
Microsoft Visual Studio Solution File, Format Version 12.00
# Visual Studio Version 16
VisualStudioVersion = 16.0.30413.136
MinimumVisualStudioVersion = 10.0.40219.1
Project("{FAE04EC0-301F-11D3-BF4B-00C04F79EFBC}") = "WindowsFormsApp16", "WindowsFormsApp16\WindowsFormsApp16.csproj", "{88D48477-5DDC-4155-B509-B4C1406939F4}"
EndProject
Global
	GlobalSection(SolutionConfigurationPlatforms) = preSolution
		Debug|Any CPU = Debug|Any CPU
		Release|Any CPU = Release|Any CPU
	EndGlobalSection
	GlobalSection(ProjectConfigurationPlatforms) = postSolution
		{88D48477-5DDC-4155-B509-B4C1406939F4}.Debug|Any CPU.ActiveCfg = Debug|Any CPU
		{88D48477-5DDC-4155-B509-B4C1406939F4}.Debug|Any CPU.Build.0 = Debug|Any CPU
		{88D48477-5DDC-4155-B509-B4C1406939F4}.Release|Any CPU.ActiveCfg = Release|Any CPU
		{88D48477-5DDC-4155-B509-B4C1406939F4}.Release|Any CPU.Build.0 = Release|Any CPU
	EndGlobalSection
	GlobalSection(SolutionProperties) = preSolution
		HideSolutionNode = FALSE
	EndGlobalSection
	GlobalSection(ExtensibilityGlobals) = postSolution
		SolutionGuid = {75EEAA48-E5B6-45F7-B410-716D3B13DC0C}
	EndGlobalSection
EndGlobal
